
Microsoft Visual Studio Solution File, Format Version 10.00
# Visual Studio 2008
Project("{FAE04EC0-301F-11D3-BF4B-00C04F79EFBC}") = "QueenBee", "QueenBee\QueenBee.csproj", "{AF6970E6-CD1E-497B-9AA1-ACE2EE800E17}"
EndProject
Project("{FAE04EC0-301F-11D3-BF4B-00C04F79EFBC}") = "QueenBeeParser", "QueenBeeParser\QueenBeeParser.csproj", "{EEFF0E58-CD15-4D7B-945C-2C2F0584D43B}"
EndProject
Global
	GlobalSection(SolutionConfigurationPlatforms) = preSolution
		Debug|Any CPU = Debug|Any CPU
		Release|Any CPU = Release|Any CPU
	EndGlobalSection
	GlobalSection(ProjectConfigurationPlatforms) = postSolution
		{AF6970E6-CD1E-497B-9AA1-ACE2EE800E17}.Debug|Any CPU.ActiveCfg = Debug|Any CPU
		{AF6970E6-CD1E-497B-9AA1-ACE2EE800E17}.Debug|Any CPU.Build.0 = Debug|Any CPU
		{AF6970E6-CD1E-497B-9AA1-ACE2EE800E17}.Release|Any CPU.ActiveCfg = Release|Any CPU
		{AF6970E6-CD1E-497B-9AA1-ACE2EE800E17}.Release|Any CPU.Build.0 = Release|Any CPU
		{EEFF0E58-CD15-4D7B-945C-2C2F0584D43B}.Debug|Any CPU.ActiveCfg = Debug|Any CPU
		{EEFF0E58-CD15-4D7B-945C-2C2F0584D43B}.Debug|Any CPU.Build.0 = Debug|Any CPU
		{EEFF0E58-CD15-4D7B-945C-2C2F0584D43B}.Release|Any CPU.ActiveCfg = Release|Any CPU
		{EEFF0E58-CD15-4D7B-945C-2C2F0584D43B}.Release|Any CPU.Build.0 = Release|Any CPU
	EndGlobalSection
	GlobalSection(SolutionProperties) = preSolution
		HideSolutionNode = FALSE
	EndGlobalSection
EndGlobal
